
Microsoft Visual Studio Solution File, Format Version 12.00
# Visual Studio 15
VisualStudioVersion = 15.0.27703.2035
MinimumVisualStudioVersion = 10.0.40219.1
Project("{FAE04EC0-301F-11D3-BF4B-00C04F79EFBC}") = "01", "01\01.csproj", "{5F406E0B-4779-4E9C-BBD2-8CD720DEE890}"
EndProject
Project("{FAE04EC0-301F-11D3-BF4B-00C04F79EFBC}") = "02", "02\02.csproj", "{5CAB31B1-B651-4622-BBE3-2D03762D11A5}"
EndProject
Project("{FAE04EC0-301F-11D3-BF4B-00C04F79EFBC}") = "021", "021\021.csproj", "{A04597CB-7A48-4B0A-9023-29166A7BEDD8}"
EndProject
Project("{FAE04EC0-301F-11D3-BF4B-00C04F79EFBC}") = "03", "03\03.csproj", "{A911DB1E-7426-4053-94F4-65F75BDE6004}"
EndProject
Project("{FAE04EC0-301F-11D3-BF4B-00C04F79EFBC}") = "04", "04\04.csproj", "{A6A4687E-E126-4DB1-8B5D-8822C087504F}"
EndProject
Project("{FAE04EC0-301F-11D3-BF4B-00C04F79EFBC}") = "041", "041\041.csproj", "{8589CDDD-0300-4787-AC4D-AD345D9CDFC1}"
EndProject
Global
	GlobalSection(SolutionConfigurationPlatforms) = preSolution
		Debug|Any CPU = Debug|Any CPU
		Release|Any CPU = Release|Any CPU
	EndGlobalSection
	GlobalSection(ProjectConfigurationPlatforms) = postSolution
		{5F406E0B-4779-4E9C-BBD2-8CD720DEE890}.Debug|Any CPU.ActiveCfg = Debug|Any CPU
		{5F406E0B-4779-4E9C-BBD2-8CD720DEE890}.Debug|Any CPU.Build.0 = Debug|Any CPU
		{5F406E0B-4779-4E9C-BBD2-8CD720DEE890}.Release|Any CPU.ActiveCfg = Release|Any CPU
		{5F406E0B-4779-4E9C-BBD2-8CD720DEE890}.Release|Any CPU.Build.0 = Release|Any CPU
		{5CAB31B1-B651-4622-BBE3-2D03762D11A5}.Debug|Any CPU.ActiveCfg = Debug|Any CPU
		{5CAB31B1-B651-4622-BBE3-2D03762D11A5}.Debug|Any CPU.Build.0 = Debug|Any CPU
		{5CAB31B1-B651-4622-BBE3-2D03762D11A5}.Release|Any CPU.ActiveCfg = Release|Any CPU
		{5CAB31B1-B651-4622-BBE3-2D03762D11A5}.Release|Any CPU.Build.0 = Release|Any CPU
		{A04597CB-7A48-4B0A-9023-29166A7BEDD8}.Debug|Any CPU.ActiveCfg = Debug|Any CPU
		{A04597CB-7A48-4B0A-9023-29166A7BEDD8}.Debug|Any CPU.Build.0 = Debug|Any CPU
		{A04597CB-7A48-4B0A-9023-29166A7BEDD8}.Release|Any CPU.ActiveCfg = Release|Any CPU
		{A04597CB-7A48-4B0A-9023-29166A7BEDD8}.Release|Any CPU.Build.0 = Release|Any CPU
		{A911DB1E-7426-4053-94F4-65F75BDE6004}.Debug|Any CPU.ActiveCfg = Debug|Any CPU
		{A911DB1E-7426-4053-94F4-65F75BDE6004}.Debug|Any CPU.Build.0 = Debug|Any CPU
		{A911DB1E-7426-4053-94F4-65F75BDE6004}.Release|Any CPU.ActiveCfg = Release|Any CPU
		{A911DB1E-7426-4053-94F4-65F75BDE6004}.Release|Any CPU.Build.0 = Release|Any CPU
		{A6A4687E-E126-4DB1-8B5D-8822C087504F}.Debug|Any CPU.ActiveCfg = Debug|Any CPU
		{A6A4687E-E126-4DB1-8B5D-8822C087504F}.Debug|Any CPU.Build.0 = Debug|Any CPU
		{A6A4687E-E126-4DB1-8B5D-8822C087504F}.Release|Any CPU.ActiveCfg = Release|Any CPU
		{A6A4687E-E126-4DB1-8B5D-8822C087504F}.Release|Any CPU.Build.0 = Release|Any CPU
		{8589CDDD-0300-4787-AC4D-AD345D9CDFC1}.Debug|Any CPU.ActiveCfg = Debug|Any CPU
		{8589CDDD-0300-4787-AC4D-AD345D9CDFC1}.Debug|Any CPU.Build.0 = Debug|Any CPU
		{8589CDDD-0300-4787-AC4D-AD345D9CDFC1}.Release|Any CPU.ActiveCfg = Release|Any CPU
		{8589CDDD-0300-4787-AC4D-AD345D9CDFC1}.Release|Any CPU.Build.0 = Release|Any CPU
	EndGlobalSection
	GlobalSection(SolutionProperties) = preSolution
		HideSolutionNode = FALSE
	EndGlobalSection
	GlobalSection(ExtensibilityGlobals) = postSolution
		SolutionGuid = {FF7AF5DB-84A6-4D1E-928B-BBEEFEB4CA60}
	EndGlobalSection
EndGlobal
