
Microsoft Visual Studio Solution File, Format Version 12.00
# Visual Studio 15
VisualStudioVersion = 15.0.27703.2047
MinimumVisualStudioVersion = 10.0.40219.1
Project("{FAE04EC0-301F-11D3-BF4B-00C04F79EFBC}") = "WebApplication1", "WebApplication1\WebApplication1.csproj", "{A243E984-070F-42E4-887C-D33FE0EFFCCC}"
EndProject
Global
	GlobalSection(SolutionConfigurationPlatforms) = preSolution
		Debug|Any CPU = Debug|Any CPU
		Release|Any CPU = Release|Any CPU
	EndGlobalSection
	GlobalSection(ProjectConfigurationPlatforms) = postSolution
		{A243E984-070F-42E4-887C-D33FE0EFFCCC}.Debug|Any CPU.ActiveCfg = Debug|Any CPU
		{A243E984-070F-42E4-887C-D33FE0EFFCCC}.Debug|Any CPU.Build.0 = Debug|Any CPU
		{A243E984-070F-42E4-887C-D33FE0EFFCCC}.Release|Any CPU.ActiveCfg = Release|Any CPU
		{A243E984-070F-42E4-887C-D33FE0EFFCCC}.Release|Any CPU.Build.0 = Release|Any CPU
	EndGlobalSection
	GlobalSection(SolutionProperties) = preSolution
		HideSolutionNode = FALSE
	EndGlobalSection
	GlobalSection(ExtensibilityGlobals) = postSolution
		SolutionGuid = {0DE1C7F0-95DC-45CA-9FF5-1C72197BE562}
	EndGlobalSection
EndGlobal
