
Microsoft Visual Studio Solution File, Format Version 12.00
# Visual Studio 15
VisualStudioVersion = 15.0.27703.2035
MinimumVisualStudioVersion = 10.0.40219.1
Project("{FAE04EC0-301F-11D3-BF4B-00C04F79EFBC}") = "01", "01\01.csproj", "{E214891B-95F4-4AF3-B94B-32981229F5F3}"
EndProject
Project("{FAE04EC0-301F-11D3-BF4B-00C04F79EFBC}") = "02", "02\02.csproj", "{984A82C6-C24C-4F2E-AC42-A3E532946948}"
EndProject
Project("{FAE04EC0-301F-11D3-BF4B-00C04F79EFBC}") = "03", "03\03.csproj", "{42B0BF70-6C2B-4B8E-B8DA-04301B74C0EA}"
EndProject
Project("{FAE04EC0-301F-11D3-BF4B-00C04F79EFBC}") = "04", "04\04.csproj", "{3BF9ED80-2C19-47AB-8705-F52A87DA5A3F}"
EndProject
Global
	GlobalSection(SolutionConfigurationPlatforms) = preSolution
		Debug|Any CPU = Debug|Any CPU
		Release|Any CPU = Release|Any CPU
	EndGlobalSection
	GlobalSection(ProjectConfigurationPlatforms) = postSolution
		{E214891B-95F4-4AF3-B94B-32981229F5F3}.Debug|Any CPU.ActiveCfg = Debug|Any CPU
		{E214891B-95F4-4AF3-B94B-32981229F5F3}.Debug|Any CPU.Build.0 = Debug|Any CPU
		{E214891B-95F4-4AF3-B94B-32981229F5F3}.Release|Any CPU.ActiveCfg = Release|Any CPU
		{E214891B-95F4-4AF3-B94B-32981229F5F3}.Release|Any CPU.Build.0 = Release|Any CPU
		{984A82C6-C24C-4F2E-AC42-A3E532946948}.Debug|Any CPU.ActiveCfg = Debug|Any CPU
		{984A82C6-C24C-4F2E-AC42-A3E532946948}.Debug|Any CPU.Build.0 = Debug|Any CPU
		{984A82C6-C24C-4F2E-AC42-A3E532946948}.Release|Any CPU.ActiveCfg = Release|Any CPU
		{984A82C6-C24C-4F2E-AC42-A3E532946948}.Release|Any CPU.Build.0 = Release|Any CPU
		{42B0BF70-6C2B-4B8E-B8DA-04301B74C0EA}.Debug|Any CPU.ActiveCfg = Debug|Any CPU
		{42B0BF70-6C2B-4B8E-B8DA-04301B74C0EA}.Debug|Any CPU.Build.0 = Debug|Any CPU
		{42B0BF70-6C2B-4B8E-B8DA-04301B74C0EA}.Release|Any CPU.ActiveCfg = Release|Any CPU
		{42B0BF70-6C2B-4B8E-B8DA-04301B74C0EA}.Release|Any CPU.Build.0 = Release|Any CPU
		{3BF9ED80-2C19-47AB-8705-F52A87DA5A3F}.Debug|Any CPU.ActiveCfg = Debug|Any CPU
		{3BF9ED80-2C19-47AB-8705-F52A87DA5A3F}.Debug|Any CPU.Build.0 = Debug|Any CPU
		{3BF9ED80-2C19-47AB-8705-F52A87DA5A3F}.Release|Any CPU.ActiveCfg = Release|Any CPU
		{3BF9ED80-2C19-47AB-8705-F52A87DA5A3F}.Release|Any CPU.Build.0 = Release|Any CPU
	EndGlobalSection
	GlobalSection(SolutionProperties) = preSolution
		HideSolutionNode = FALSE
	EndGlobalSection
	GlobalSection(ExtensibilityGlobals) = postSolution
		SolutionGuid = {BBAD2A2B-96D4-4911-A299-170EE5FC71F4}
	EndGlobalSection
EndGlobal
