
Microsoft Visual Studio Solution File, Format Version 12.00
# Visual Studio 15
VisualStudioVersion = 15.0.28307.106
MinimumVisualStudioVersion = 10.0.40219.1
Project("{FAE04EC0-301F-11D3-BF4B-00C04F79EFBC}") = "01-Database", "01-Database\01-Database.csproj", "{7750D381-9E0F-45FA-988D-AA95E38B3936}"
EndProject
Project("{FAE04EC0-301F-11D3-BF4B-00C04F79EFBC}") = "DatabaseTests", "DatabaseTests\DatabaseTests.csproj", "{BD10ACF4-A903-4849-A680-C3EC229C9F9B}"
EndProject
Global
	GlobalSection(SolutionConfigurationPlatforms) = preSolution
		Debug|Any CPU = Debug|Any CPU
		Release|Any CPU = Release|Any CPU
	EndGlobalSection
	GlobalSection(ProjectConfigurationPlatforms) = postSolution
		{7750D381-9E0F-45FA-988D-AA95E38B3936}.Debug|Any CPU.ActiveCfg = Debug|Any CPU
		{7750D381-9E0F-45FA-988D-AA95E38B3936}.Debug|Any CPU.Build.0 = Debug|Any CPU
		{7750D381-9E0F-45FA-988D-AA95E38B3936}.Release|Any CPU.ActiveCfg = Release|Any CPU
		{7750D381-9E0F-45FA-988D-AA95E38B3936}.Release|Any CPU.Build.0 = Release|Any CPU
		{BD10ACF4-A903-4849-A680-C3EC229C9F9B}.Debug|Any CPU.ActiveCfg = Debug|Any CPU
		{BD10ACF4-A903-4849-A680-C3EC229C9F9B}.Debug|Any CPU.Build.0 = Debug|Any CPU
		{BD10ACF4-A903-4849-A680-C3EC229C9F9B}.Release|Any CPU.ActiveCfg = Release|Any CPU
		{BD10ACF4-A903-4849-A680-C3EC229C9F9B}.Release|Any CPU.Build.0 = Release|Any CPU
	EndGlobalSection
	GlobalSection(SolutionProperties) = preSolution
		HideSolutionNode = FALSE
	EndGlobalSection
	GlobalSection(ExtensibilityGlobals) = postSolution
		SolutionGuid = {49BFBD42-E7E1-4B15-9C0E-29FEAB37594B}
	EndGlobalSection
EndGlobal
