
Microsoft Visual Studio Solution File, Format Version 12.00
# Visual Studio 15
VisualStudioVersion = 15.0.27703.2047
MinimumVisualStudioVersion = 10.0.40219.1
Project("{FAE04EC0-301F-11D3-BF4B-00C04F79EFBC}") = "01", "01\01.csproj", "{3C8C761F-B9A6-41B2-B066-6E8FB41F174F}"
EndProject
Project("{FAE04EC0-301F-11D3-BF4B-00C04F79EFBC}") = "02", "02\02.csproj", "{96F03B2C-1891-438B-BAC7-9BD0A90EA925}"
EndProject
Project("{FAE04EC0-301F-11D3-BF4B-00C04F79EFBC}") = "03", "03\03.csproj", "{0C938255-E6D5-446D-810B-040B5F5CC7B0}"
EndProject
Project("{FAE04EC0-301F-11D3-BF4B-00C04F79EFBC}") = "04", "04\04.csproj", "{D7C4DCB9-84DC-43B6-AC63-1A1C5DDFE403}"
EndProject
Global
	GlobalSection(SolutionConfigurationPlatforms) = preSolution
		Debug|Any CPU = Debug|Any CPU
		Release|Any CPU = Release|Any CPU
	EndGlobalSection
	GlobalSection(ProjectConfigurationPlatforms) = postSolution
		{3C8C761F-B9A6-41B2-B066-6E8FB41F174F}.Debug|Any CPU.ActiveCfg = Debug|Any CPU
		{3C8C761F-B9A6-41B2-B066-6E8FB41F174F}.Debug|Any CPU.Build.0 = Debug|Any CPU
		{3C8C761F-B9A6-41B2-B066-6E8FB41F174F}.Release|Any CPU.ActiveCfg = Release|Any CPU
		{3C8C761F-B9A6-41B2-B066-6E8FB41F174F}.Release|Any CPU.Build.0 = Release|Any CPU
		{96F03B2C-1891-438B-BAC7-9BD0A90EA925}.Debug|Any CPU.ActiveCfg = Debug|Any CPU
		{96F03B2C-1891-438B-BAC7-9BD0A90EA925}.Debug|Any CPU.Build.0 = Debug|Any CPU
		{96F03B2C-1891-438B-BAC7-9BD0A90EA925}.Release|Any CPU.ActiveCfg = Release|Any CPU
		{96F03B2C-1891-438B-BAC7-9BD0A90EA925}.Release|Any CPU.Build.0 = Release|Any CPU
		{0C938255-E6D5-446D-810B-040B5F5CC7B0}.Debug|Any CPU.ActiveCfg = Debug|Any CPU
		{0C938255-E6D5-446D-810B-040B5F5CC7B0}.Debug|Any CPU.Build.0 = Debug|Any CPU
		{0C938255-E6D5-446D-810B-040B5F5CC7B0}.Release|Any CPU.ActiveCfg = Release|Any CPU
		{0C938255-E6D5-446D-810B-040B5F5CC7B0}.Release|Any CPU.Build.0 = Release|Any CPU
		{D7C4DCB9-84DC-43B6-AC63-1A1C5DDFE403}.Debug|Any CPU.ActiveCfg = Debug|Any CPU
		{D7C4DCB9-84DC-43B6-AC63-1A1C5DDFE403}.Debug|Any CPU.Build.0 = Debug|Any CPU
		{D7C4DCB9-84DC-43B6-AC63-1A1C5DDFE403}.Release|Any CPU.ActiveCfg = Release|Any CPU
		{D7C4DCB9-84DC-43B6-AC63-1A1C5DDFE403}.Release|Any CPU.Build.0 = Release|Any CPU
	EndGlobalSection
	GlobalSection(SolutionProperties) = preSolution
		HideSolutionNode = FALSE
	EndGlobalSection
	GlobalSection(ExtensibilityGlobals) = postSolution
		SolutionGuid = {A6B4F66F-AF84-45A3-95CF-565BA92038C0}
	EndGlobalSection
EndGlobal
