
Microsoft Visual Studio Solution File, Format Version 12.00
# Visual Studio 15
VisualStudioVersion = 15.0.27703.2047
MinimumVisualStudioVersion = 10.0.40219.1
Project("{FAE04EC0-301F-11D3-BF4B-00C04F79EFBC}") = "01-CountSameValuesInArray", "01-CountSameValuesInArray\01-CountSameValuesInArray.csproj", "{788203FA-E8B2-41F6-94A2-894FA2931684}"
EndProject
Project("{FAE04EC0-301F-11D3-BF4B-00C04F79EFBC}") = "02-AverageStudentGrades", "02-AverageStudentGrades\02-AverageStudentGrades.csproj", "{D5BA75C3-6A28-4AE0-ACBF-F4F7D9AB620B}"
EndProject
Project("{FAE04EC0-301F-11D3-BF4B-00C04F79EFBC}") = "04-CitiesByContinentAndCountry", "03-ProductShop\04-CitiesByContinentAndCountry.csproj", "{7EC74261-F1E6-49A5-B7BF-22A587B40C3B}"
EndProject
Project("{FAE04EC0-301F-11D3-BF4B-00C04F79EFBC}") = "01-", "ConsoleApp1\01-.csproj", "{E7B08394-4C34-440E-9730-FE32153ECC19}"
EndProject
Project("{FAE04EC0-301F-11D3-BF4B-00C04F79EFBC}") = "05-RecordUniqueNames", "05-RecordUniqueNames\05-RecordUniqueNames.csproj", "{3A837D65-5DF4-4B93-B5C7-7508D6FB6772}"
EndProject
Project("{FAE04EC0-301F-11D3-BF4B-00C04F79EFBC}") = "06-ParkingLot", "06-ParkingLot\06-ParkingLot.csproj", "{C7609819-CEDE-42B8-8EF7-59AA93B31EF1}"
EndProject
Project("{FAE04EC0-301F-11D3-BF4B-00C04F79EFBC}") = "07-SoftUniParty", "07-SoftUniParty\07-SoftUniParty.csproj", "{EF38CE25-804D-4654-B8B6-9EFB32A42917}"
EndProject
Global
	GlobalSection(SolutionConfigurationPlatforms) = preSolution
		Debug|Any CPU = Debug|Any CPU
		Release|Any CPU = Release|Any CPU
	EndGlobalSection
	GlobalSection(ProjectConfigurationPlatforms) = postSolution
		{788203FA-E8B2-41F6-94A2-894FA2931684}.Debug|Any CPU.ActiveCfg = Debug|Any CPU
		{788203FA-E8B2-41F6-94A2-894FA2931684}.Debug|Any CPU.Build.0 = Debug|Any CPU
		{788203FA-E8B2-41F6-94A2-894FA2931684}.Release|Any CPU.ActiveCfg = Release|Any CPU
		{788203FA-E8B2-41F6-94A2-894FA2931684}.Release|Any CPU.Build.0 = Release|Any CPU
		{D5BA75C3-6A28-4AE0-ACBF-F4F7D9AB620B}.Debug|Any CPU.ActiveCfg = Debug|Any CPU
		{D5BA75C3-6A28-4AE0-ACBF-F4F7D9AB620B}.Debug|Any CPU.Build.0 = Debug|Any CPU
		{D5BA75C3-6A28-4AE0-ACBF-F4F7D9AB620B}.Release|Any CPU.ActiveCfg = Release|Any CPU
		{D5BA75C3-6A28-4AE0-ACBF-F4F7D9AB620B}.Release|Any CPU.Build.0 = Release|Any CPU
		{7EC74261-F1E6-49A5-B7BF-22A587B40C3B}.Debug|Any CPU.ActiveCfg = Debug|Any CPU
		{7EC74261-F1E6-49A5-B7BF-22A587B40C3B}.Debug|Any CPU.Build.0 = Debug|Any CPU
		{7EC74261-F1E6-49A5-B7BF-22A587B40C3B}.Release|Any CPU.ActiveCfg = Release|Any CPU
		{7EC74261-F1E6-49A5-B7BF-22A587B40C3B}.Release|Any CPU.Build.0 = Release|Any CPU
		{E7B08394-4C34-440E-9730-FE32153ECC19}.Debug|Any CPU.ActiveCfg = Debug|Any CPU
		{E7B08394-4C34-440E-9730-FE32153ECC19}.Debug|Any CPU.Build.0 = Debug|Any CPU
		{E7B08394-4C34-440E-9730-FE32153ECC19}.Release|Any CPU.ActiveCfg = Release|Any CPU
		{E7B08394-4C34-440E-9730-FE32153ECC19}.Release|Any CPU.Build.0 = Release|Any CPU
		{3A837D65-5DF4-4B93-B5C7-7508D6FB6772}.Debug|Any CPU.ActiveCfg = Debug|Any CPU
		{3A837D65-5DF4-4B93-B5C7-7508D6FB6772}.Debug|Any CPU.Build.0 = Debug|Any CPU
		{3A837D65-5DF4-4B93-B5C7-7508D6FB6772}.Release|Any CPU.ActiveCfg = Release|Any CPU
		{3A837D65-5DF4-4B93-B5C7-7508D6FB6772}.Release|Any CPU.Build.0 = Release|Any CPU
		{C7609819-CEDE-42B8-8EF7-59AA93B31EF1}.Debug|Any CPU.ActiveCfg = Debug|Any CPU
		{C7609819-CEDE-42B8-8EF7-59AA93B31EF1}.Debug|Any CPU.Build.0 = Debug|Any CPU
		{C7609819-CEDE-42B8-8EF7-59AA93B31EF1}.Release|Any CPU.ActiveCfg = Release|Any CPU
		{C7609819-CEDE-42B8-8EF7-59AA93B31EF1}.Release|Any CPU.Build.0 = Release|Any CPU
		{EF38CE25-804D-4654-B8B6-9EFB32A42917}.Debug|Any CPU.ActiveCfg = Debug|Any CPU
		{EF38CE25-804D-4654-B8B6-9EFB32A42917}.Debug|Any CPU.Build.0 = Debug|Any CPU
		{EF38CE25-804D-4654-B8B6-9EFB32A42917}.Release|Any CPU.ActiveCfg = Release|Any CPU
		{EF38CE25-804D-4654-B8B6-9EFB32A42917}.Release|Any CPU.Build.0 = Release|Any CPU
	EndGlobalSection
	GlobalSection(SolutionProperties) = preSolution
		HideSolutionNode = FALSE
	EndGlobalSection
	GlobalSection(ExtensibilityGlobals) = postSolution
		SolutionGuid = {11EE8F12-6376-435D-8D06-0DD7B2B98E94}
	EndGlobalSection
EndGlobal
