
Microsoft Visual Studio Solution File, Format Version 12.00
# Visual Studio Version 16
VisualStudioVersion = 16.0.29411.108
MinimumVisualStudioVersion = 10.0.40219.1
Project("{FAE04EC0-301F-11D3-BF4B-00C04F79EFBC}") = "P01-Prototype", "P01-Prototype\P01-Prototype.csproj", "{D0E235D6-702B-439F-9006-0E19A01379C0}"
EndProject
Project("{FAE04EC0-301F-11D3-BF4B-00C04F79EFBC}") = "P02-Composite", "P02-Composite\P02-Composite.csproj", "{3C1E201A-3164-459B-8CCD-814DEB72F74C}"
EndProject
Project("{FAE04EC0-301F-11D3-BF4B-00C04F79EFBC}") = "P03-Template", "P03-Template\P03-Template.csproj", "{6B1F786A-1746-496C-88E7-7F540D3E23AA}"
EndProject
Global
	GlobalSection(SolutionConfigurationPlatforms) = preSolution
		Debug|Any CPU = Debug|Any CPU
		Release|Any CPU = Release|Any CPU
	EndGlobalSection
	GlobalSection(ProjectConfigurationPlatforms) = postSolution
		{D0E235D6-702B-439F-9006-0E19A01379C0}.Debug|Any CPU.ActiveCfg = Debug|Any CPU
		{D0E235D6-702B-439F-9006-0E19A01379C0}.Debug|Any CPU.Build.0 = Debug|Any CPU
		{D0E235D6-702B-439F-9006-0E19A01379C0}.Release|Any CPU.ActiveCfg = Release|Any CPU
		{D0E235D6-702B-439F-9006-0E19A01379C0}.Release|Any CPU.Build.0 = Release|Any CPU
		{3C1E201A-3164-459B-8CCD-814DEB72F74C}.Debug|Any CPU.ActiveCfg = Debug|Any CPU
		{3C1E201A-3164-459B-8CCD-814DEB72F74C}.Debug|Any CPU.Build.0 = Debug|Any CPU
		{3C1E201A-3164-459B-8CCD-814DEB72F74C}.Release|Any CPU.ActiveCfg = Release|Any CPU
		{3C1E201A-3164-459B-8CCD-814DEB72F74C}.Release|Any CPU.Build.0 = Release|Any CPU
		{6B1F786A-1746-496C-88E7-7F540D3E23AA}.Debug|Any CPU.ActiveCfg = Debug|Any CPU
		{6B1F786A-1746-496C-88E7-7F540D3E23AA}.Debug|Any CPU.Build.0 = Debug|Any CPU
		{6B1F786A-1746-496C-88E7-7F540D3E23AA}.Release|Any CPU.ActiveCfg = Release|Any CPU
		{6B1F786A-1746-496C-88E7-7F540D3E23AA}.Release|Any CPU.Build.0 = Release|Any CPU
	EndGlobalSection
	GlobalSection(SolutionProperties) = preSolution
		HideSolutionNode = FALSE
	EndGlobalSection
	GlobalSection(ExtensibilityGlobals) = postSolution
		SolutionGuid = {C780A5F5-516D-4C49-9993-CFFD57DD97C5}
	EndGlobalSection
EndGlobal
