
Microsoft Visual Studio Solution File, Format Version 12.00
# Visual Studio 15
VisualStudioVersion = 15.0.27130.2027
MinimumVisualStudioVersion = 10.0.40219.1
Project("{FAE04EC0-301F-11D3-BF4B-00C04F79EFBC}") = "01-DayOfWeek", "01-DayOfWeek\01-DayOfWeek.csproj", "{3D12D1C0-3FC1-4789-B815-9DA70D6D3049}"
EndProject
Project("{FAE04EC0-301F-11D3-BF4B-00C04F79EFBC}") = "02-RandomizeWords", "02-RandomizeWords\02-RandomizeWords.csproj", "{013A3D3F-E9A9-48B9-8DD6-A6CB40880C70}"
EndProject
Project("{FAE04EC0-301F-11D3-BF4B-00C04F79EFBC}") = "03-BigFactorial", "03-BigFactorial\03-BigFactorial.csproj", "{64E7AC08-79BD-4E88-80DC-1252B0B7C333}"
EndProject
Project("{FAE04EC0-301F-11D3-BF4B-00C04F79EFBC}") = "04-DistanceBetweenPoints", "04-DistanceBetweenPoints\04-DistanceBetweenPoints.csproj", "{CF299745-8E30-4D5C-B36A-0D4CA59DB4F1}"
EndProject
Project("{FAE04EC0-301F-11D3-BF4B-00C04F79EFBC}") = "05-ClosestTwoPoints", "05-ClosestTwoPoints\05-ClosestTwoPoints.csproj", "{C5C5C445-926E-4BCA-B888-EE1339E62ED7}"
EndProject
Project("{FAE04EC0-301F-11D3-BF4B-00C04F79EFBC}") = "06-RectanglePosition", "06-RectanglePosition\06-RectanglePosition.csproj", "{88D97759-A2F1-460E-BA1C-D5A052021720}"
EndProject
Global
	GlobalSection(SolutionConfigurationPlatforms) = preSolution
		Debug|Any CPU = Debug|Any CPU
		Release|Any CPU = Release|Any CPU
	EndGlobalSection
	GlobalSection(ProjectConfigurationPlatforms) = postSolution
		{3D12D1C0-3FC1-4789-B815-9DA70D6D3049}.Debug|Any CPU.ActiveCfg = Debug|Any CPU
		{3D12D1C0-3FC1-4789-B815-9DA70D6D3049}.Debug|Any CPU.Build.0 = Debug|Any CPU
		{3D12D1C0-3FC1-4789-B815-9DA70D6D3049}.Release|Any CPU.ActiveCfg = Release|Any CPU
		{3D12D1C0-3FC1-4789-B815-9DA70D6D3049}.Release|Any CPU.Build.0 = Release|Any CPU
		{013A3D3F-E9A9-48B9-8DD6-A6CB40880C70}.Debug|Any CPU.ActiveCfg = Debug|Any CPU
		{013A3D3F-E9A9-48B9-8DD6-A6CB40880C70}.Debug|Any CPU.Build.0 = Debug|Any CPU
		{013A3D3F-E9A9-48B9-8DD6-A6CB40880C70}.Release|Any CPU.ActiveCfg = Release|Any CPU
		{013A3D3F-E9A9-48B9-8DD6-A6CB40880C70}.Release|Any CPU.Build.0 = Release|Any CPU
		{64E7AC08-79BD-4E88-80DC-1252B0B7C333}.Debug|Any CPU.ActiveCfg = Debug|Any CPU
		{64E7AC08-79BD-4E88-80DC-1252B0B7C333}.Debug|Any CPU.Build.0 = Debug|Any CPU
		{64E7AC08-79BD-4E88-80DC-1252B0B7C333}.Release|Any CPU.ActiveCfg = Release|Any CPU
		{64E7AC08-79BD-4E88-80DC-1252B0B7C333}.Release|Any CPU.Build.0 = Release|Any CPU
		{CF299745-8E30-4D5C-B36A-0D4CA59DB4F1}.Debug|Any CPU.ActiveCfg = Debug|Any CPU
		{CF299745-8E30-4D5C-B36A-0D4CA59DB4F1}.Debug|Any CPU.Build.0 = Debug|Any CPU
		{CF299745-8E30-4D5C-B36A-0D4CA59DB4F1}.Release|Any CPU.ActiveCfg = Release|Any CPU
		{CF299745-8E30-4D5C-B36A-0D4CA59DB4F1}.Release|Any CPU.Build.0 = Release|Any CPU
		{C5C5C445-926E-4BCA-B888-EE1339E62ED7}.Debug|Any CPU.ActiveCfg = Debug|Any CPU
		{C5C5C445-926E-4BCA-B888-EE1339E62ED7}.Debug|Any CPU.Build.0 = Debug|Any CPU
		{C5C5C445-926E-4BCA-B888-EE1339E62ED7}.Release|Any CPU.ActiveCfg = Release|Any CPU
		{C5C5C445-926E-4BCA-B888-EE1339E62ED7}.Release|Any CPU.Build.0 = Release|Any CPU
		{88D97759-A2F1-460E-BA1C-D5A052021720}.Debug|Any CPU.ActiveCfg = Debug|Any CPU
		{88D97759-A2F1-460E-BA1C-D5A052021720}.Debug|Any CPU.Build.0 = Debug|Any CPU
		{88D97759-A2F1-460E-BA1C-D5A052021720}.Release|Any CPU.ActiveCfg = Release|Any CPU
		{88D97759-A2F1-460E-BA1C-D5A052021720}.Release|Any CPU.Build.0 = Release|Any CPU
	EndGlobalSection
	GlobalSection(SolutionProperties) = preSolution
		HideSolutionNode = FALSE
	EndGlobalSection
	GlobalSection(ExtensibilityGlobals) = postSolution
		SolutionGuid = {C6F7D2CB-D6A3-4193-8B04-800FCF014EFE}
	EndGlobalSection
EndGlobal
