
Microsoft Visual Studio Solution File, Format Version 12.00
# Visual Studio Version 16
VisualStudioVersion = 16.0.29411.108
MinimumVisualStudioVersion = 10.0.40219.1
Project("{9A19103F-16F7-4668-BE54-9A1E7A4F7556}") = "P03_FootballBetting", "P03_FootballBetting\P03_FootballBetting.csproj", "{C968D675-FFF9-4C92-8F30-8D761E5DD416}"
EndProject
Project("{9A19103F-16F7-4668-BE54-9A1E7A4F7556}") = "P03_FootballBetting.Data", "P03_FootballBetting.Data\P03_FootballBetting.Data.csproj", "{6CE0E55C-B3B8-4999-A258-9CF0625D41AD}"
EndProject
Project("{9A19103F-16F7-4668-BE54-9A1E7A4F7556}") = "P03_FootballBetting.Data.Models", "P03_FootballBetting.Data.Models\P03_FootballBetting.Data.Models.csproj", "{FD48AC65-AE7E-4538-9359-8DAA61181208}"
EndProject
Global
	GlobalSection(SolutionConfigurationPlatforms) = preSolution
		Debug|Any CPU = Debug|Any CPU
		Release|Any CPU = Release|Any CPU
	EndGlobalSection
	GlobalSection(ProjectConfigurationPlatforms) = postSolution
		{C968D675-FFF9-4C92-8F30-8D761E5DD416}.Debug|Any CPU.ActiveCfg = Debug|Any CPU
		{C968D675-FFF9-4C92-8F30-8D761E5DD416}.Debug|Any CPU.Build.0 = Debug|Any CPU
		{C968D675-FFF9-4C92-8F30-8D761E5DD416}.Release|Any CPU.ActiveCfg = Release|Any CPU
		{C968D675-FFF9-4C92-8F30-8D761E5DD416}.Release|Any CPU.Build.0 = Release|Any CPU
		{6CE0E55C-B3B8-4999-A258-9CF0625D41AD}.Debug|Any CPU.ActiveCfg = Debug|Any CPU
		{6CE0E55C-B3B8-4999-A258-9CF0625D41AD}.Debug|Any CPU.Build.0 = Debug|Any CPU
		{6CE0E55C-B3B8-4999-A258-9CF0625D41AD}.Release|Any CPU.ActiveCfg = Release|Any CPU
		{6CE0E55C-B3B8-4999-A258-9CF0625D41AD}.Release|Any CPU.Build.0 = Release|Any CPU
		{FD48AC65-AE7E-4538-9359-8DAA61181208}.Debug|Any CPU.ActiveCfg = Debug|Any CPU
		{FD48AC65-AE7E-4538-9359-8DAA61181208}.Debug|Any CPU.Build.0 = Debug|Any CPU
		{FD48AC65-AE7E-4538-9359-8DAA61181208}.Release|Any CPU.ActiveCfg = Release|Any CPU
		{FD48AC65-AE7E-4538-9359-8DAA61181208}.Release|Any CPU.Build.0 = Release|Any CPU
	EndGlobalSection
	GlobalSection(SolutionProperties) = preSolution
		HideSolutionNode = FALSE
	EndGlobalSection
	GlobalSection(ExtensibilityGlobals) = postSolution
		SolutionGuid = {354F3362-698B-4BEA-B6D2-2158E5629C1D}
	EndGlobalSection
EndGlobal
