
Microsoft Visual Studio Solution File, Format Version 12.00
# Visual Studio Version 16
VisualStudioVersion = 16.0.29411.108
MinimumVisualStudioVersion = 10.0.40219.1
Project("{9A19103F-16F7-4668-BE54-9A1E7A4F7556}") = "P01-Singleton", "01.Singleton\P01-Singleton.csproj", "{8E6A7B66-CDAF-4B73-864C-8080F397D387}"
EndProject
Project("{9A19103F-16F7-4668-BE54-9A1E7A4F7556}") = "P02-Facade", "P02-Facade\P02-Facade.csproj", "{F8E38315-A9D2-4EB7-8EA4-7299201F6DF3}"
EndProject
Project("{FAE04EC0-301F-11D3-BF4B-00C04F79EFBC}") = "P03-Command", "P03-Command\P03-Command.csproj", "{062F1BD2-66FC-4FFF-971A-48C20E4DD29E}"
EndProject
Global
	GlobalSection(SolutionConfigurationPlatforms) = preSolution
		Debug|Any CPU = Debug|Any CPU
		Release|Any CPU = Release|Any CPU
	EndGlobalSection
	GlobalSection(ProjectConfigurationPlatforms) = postSolution
		{8E6A7B66-CDAF-4B73-864C-8080F397D387}.Debug|Any CPU.ActiveCfg = Debug|Any CPU
		{8E6A7B66-CDAF-4B73-864C-8080F397D387}.Debug|Any CPU.Build.0 = Debug|Any CPU
		{8E6A7B66-CDAF-4B73-864C-8080F397D387}.Release|Any CPU.ActiveCfg = Release|Any CPU
		{8E6A7B66-CDAF-4B73-864C-8080F397D387}.Release|Any CPU.Build.0 = Release|Any CPU
		{F8E38315-A9D2-4EB7-8EA4-7299201F6DF3}.Debug|Any CPU.ActiveCfg = Debug|Any CPU
		{F8E38315-A9D2-4EB7-8EA4-7299201F6DF3}.Debug|Any CPU.Build.0 = Debug|Any CPU
		{F8E38315-A9D2-4EB7-8EA4-7299201F6DF3}.Release|Any CPU.ActiveCfg = Release|Any CPU
		{F8E38315-A9D2-4EB7-8EA4-7299201F6DF3}.Release|Any CPU.Build.0 = Release|Any CPU
		{062F1BD2-66FC-4FFF-971A-48C20E4DD29E}.Debug|Any CPU.ActiveCfg = Debug|Any CPU
		{062F1BD2-66FC-4FFF-971A-48C20E4DD29E}.Debug|Any CPU.Build.0 = Debug|Any CPU
		{062F1BD2-66FC-4FFF-971A-48C20E4DD29E}.Release|Any CPU.ActiveCfg = Release|Any CPU
		{062F1BD2-66FC-4FFF-971A-48C20E4DD29E}.Release|Any CPU.Build.0 = Release|Any CPU
	EndGlobalSection
	GlobalSection(SolutionProperties) = preSolution
		HideSolutionNode = FALSE
	EndGlobalSection
	GlobalSection(ExtensibilityGlobals) = postSolution
		SolutionGuid = {003D8644-5499-44EC-BCB8-AFB78DDC5E20}
	EndGlobalSection
EndGlobal
